{
  "requires": true,
  "lockfileVersion": 1,
  "dependencies": {
    "fast-check": {
      "version": "2.14.0",
      "resolved": "https://registry.npmjs.org/fast-check/-/fast-check-2.14.0.tgz",
      "integrity": "sha512-4hm0ioyEVCwgjBLBqriwAFYu3/yc7pNH9fBfvzi6JRWRs4R3mwZwrr/d4MHbY0fTBJ0Uakg4TaMAAQ8Cnt2+KQ==",
      "requires": {
        "pure-rand": "^4.1.1"
      }
    },
    "pure-rand": {
      "version": "4.1.2",
      "resolved": "https://registry.npmjs.org/pure-rand/-/pure-rand-4.1.2.tgz",
      "integrity": "sha512-uLzZpQWfroIqyFWmX/pl0OL2JHJdoU3dbh0dvZ25fChHFJJi56J5oQZhW6QgbT2Llwh1upki84LnTwlZvsungA=="
    }
  }
}
